<Solution>
  <Project Path="D:/C#/LinqMethods/LinqMethods/LinqMethods.csproj" />
  <Project Path="D:/C#/LinqMethods/SOLUTION11/SOLUTION11.csproj" Id="122ef2b4-1b7c-4e9d-ac08-1da6e3859a8a" />
  <Project Path="D:/C#/LinqMethods/SOLUTION13/SOLUTION13.csproj" Id="63e8a741-2226-4521-a4e0-4fdb9f83e4b7" />
  <Project Path="D:/C#/LinqMethods/SOLUTION14/SOLUTION14.csproj" Id="5de41531-6fb7-4cea-8c12-20b528f4e40e" />
  <Project Path="D:/C#/LinqMethods/SOLUTION15/SOLUTION15.csproj" Id="337d1d6a-bf4c-4584-98a1-48ad157bd4c3" />
  <Project Path="D:/C#/LinqMethods/SOLUTION16/SOLUTION16.csproj" Id="65143d97-8315-4830-82ea-cc00b7c348f1" />
  <Project Path="D:/C#/LinqMethods/SOLUTION18/SOLUTION18.csproj" Id="0e69e9ba-73b8-488b-90e8-785b3e6223bb" />
  <Project Path="D:/C#/LinqMethods/SOLUTION19/SOLUTION19.csproj" Id="58b89a3e-fa10-4b18-9f39-0232e4b3cc4a" />
  <Project Path="D:/C#/LinqMethods/SOLUTION2/SOLUTION2.csproj" Id="52911ab5-7494-42a9-86df-340193641f47" />
  <Project Path="D:/C#/LinqMethods/SOLUTION3/SOLUTION3.csproj" Id="2d8a371c-3317-4b38-9528-e67210364a99" />
  <Project Path="D:/C#/LinqMethods/SOLUTION4/SOLUTION4.csproj" Id="b3a8e8a6-c908-422e-84e1-622b9aa5ad09" />
  <Project Path="D:/C#/LinqMethods/SOLUTION5/SOLUTION5.csproj" Id="adec7b81-233f-4a96-83a5-c3c6ff37cf6f" />
  <Project Path="D:/C#/LinqMethods/SOLUTION7/SOLUTION7.csproj" Id="248ae30d-1f6e-425b-8b5b-d059d385b9a0" />
  <Project Path="D:/C#/LinqMethods/SOLUTION8/SOLUTION8.csproj" Id="b0b9a37b-c373-46c7-b2da-2c270e710fca" />
  <Project Path="D:/C#/LinqMethods/SOLUTION9/SOLUTION9.csproj" Id="8690957b-a2b4-4396-bb1d-110531e260c9" />
  <Project Path="SOLUTION20/SOLUTION20.csproj" />
</Solution>
